
Microsoft Visual Studio Solution File, Format Version 12.00
# Visual Studio Version 16
VisualStudioVersion = 16.0.35229.62
MinimumVisualStudioVersion = 10.0.40219.1
Project("{FAE04EC0-301F-11D3-BF4B-00C04F79EFBC}") = "TranVanTinh_KTRAFE", "TranVanTinh_KTRAFE\TranVanTinh_KTRAFE.csproj", "{E455212D-5D41-4480-9A45-6BBEB6FA5E0B}"
EndProject
Global
	GlobalSection(SolutionConfigurationPlatforms) = preSolution
		Debug|Any CPU = Debug|Any CPU
		Release|Any CPU = Release|Any CPU
	EndGlobalSection
	GlobalSection(ProjectConfigurationPlatforms) = postSolution
		{E455212D-5D41-4480-9A45-6BBEB6FA5E0B}.Debug|Any CPU.ActiveCfg = Debug|Any CPU
		{E455212D-5D41-4480-9A45-6BBEB6FA5E0B}.Debug|Any CPU.Build.0 = Debug|Any CPU
		{E455212D-5D41-4480-9A45-6BBEB6FA5E0B}.Release|Any CPU.ActiveCfg = Release|Any CPU
		{E455212D-5D41-4480-9A45-6BBEB6FA5E0B}.Release|Any CPU.Build.0 = Release|Any CPU
	EndGlobalSection
	GlobalSection(SolutionProperties) = preSolution
		HideSolutionNode = FALSE
	EndGlobalSection
	GlobalSection(ExtensibilityGlobals) = postSolution
		SolutionGuid = {7993A3A4-DC3F-4BF1-BCD6-A32BA8FA9FDF}
	EndGlobalSection
EndGlobal
